// !$*UTF8*$!
{
	archiveVersion = 1;
	classes = {
	};
	objectVersion = 50;
	objects = {

/* Begin PBXBuildFile section */
		5A123E4722BCCA3E00AA1CDC /* AppDelegate.m in Sources */ = {isa = PBXBuildFile; fileRef = 5A123E4622BCCA3E00AA1CDC /* AppDelegate.m */; };
		5A123E4A22BCCA3E00AA1CDC /* ViewController.mm in Sources */ = {isa = PBXBuildFile; fileRef = 5A123E4922BCCA3E00AA1CDC /* ViewController.mm */; };
		5A123E4D22BCCA3E00AA1CDC /* Main.storyboard in Resources */ = {isa = PBXBuildFile; fileRef = 5A123E4B22BCCA3E00AA1CDC /* Main.storyboard */; };
		5A123E5022BCCA3E00AA1CDC /* image_detection.xcdatamodeld in Sources */ = {isa = PBXBuildFile; fileRef = 5A123E4E22BCCA3E00AA1CDC /* image_detection.xcdatamodeld */; };
		5A123E5222BCCA3F00AA1CDC /* Assets.xcassets in Resources */ = {isa = PBXBuildFile; fileRef = 5A123E5122BCCA3F00AA1CDC /* Assets.xcassets */; };
		5A123E5522BCCA3F00AA1CDC /* LaunchScreen.storyboard in Resources */ = {isa = PBXBuildFile; fileRef = 5A123E5322BCCA3F00AA1CDC /* LaunchScreen.storyboard */; };
		5A123E5822BCCA3F00AA1CDC /* main.m in Sources */ = {isa = PBXBuildFile; fileRef = 5A123E5722BCCA3F00AA1CDC /* main.m */; };
		5A123E6222BCCA3F00AA1CDC /* image_detectionTests.m in Sources */ = {isa = PBXBuildFile; fileRef = 5A123E6122BCCA3F00AA1CDC /* image_detectionTests.m */; };
		5A123E6D22BCCA3F00AA1CDC /* image_detectionUITests.m in Sources */ = {isa = PBXBuildFile; fileRef = 5A123E6C22BCCA3F00AA1CDC /* image_detectionUITests.m */; };
		5A123E8822BE212B00AA1CDC /* opencv2.framework in Frameworks */ = {isa = PBXBuildFile; fileRef = 5A123E8422BE14AA00AA1CDC /* opencv2.framework */; };
/* End PBXBuildFile section */

/* Begin PBXContainerItemProxy section */
		5A123E5E22BCCA3F00AA1CDC /* PBXContainerItemProxy */ = {
			isa = PBXContainerItemProxy;
			containerPortal = 5A123E3A22BCCA3E00AA1CDC /* Project object */;
			proxyType = 1;
			remoteGlobalIDString = 5A123E4122BCCA3E00AA1CDC;
			remoteInfo = "image-detection";
		};
		5A123E6922BCCA3F00AA1CDC /* PBXContainerItemProxy */ = {
			isa = PBXContainerItemProxy;
			containerPortal = 5A123E3A22BCCA3E00AA1CDC /* Project object */;
			proxyType = 1;
			remoteGlobalIDString = 5A123E4122BCCA3E00AA1CDC;
			remoteInfo = "image-detection";
		};
/* End PBXContainerItemProxy section */

/* Begin PBXFileReference section */
		5A123E4222BCCA3E00AA1CDC /* image-detection.app */ = {isa = PBXFileReference; explicitFileType = wrapper.application; includeInIndex = 0; path = "image-detection.app"; sourceTree = BUILT_PRODUCTS_DIR; };
		5A123E4522BCCA3E00AA1CDC /* AppDelegate.h */ = {isa = PBXFileReference; lastKnownFileType = sourcecode.c.h; path = AppDelegate.h; sourceTree = "<group>"; };
		5A123E4622BCCA3E00AA1CDC /* AppDelegate.m */ = {isa = PBXFileReference; lastKnownFileType = sourcecode.c.objc; path = AppDelegate.m; sourceTree = "<group>"; };
		5A123E4822BCCA3E00AA1CDC /* ViewController.h */ = {isa = PBXFileReference; lastKnownFileType = sourcecode.c.h; path = ViewController.h; sourceTree = "<group>"; };
		5A123E4922BCCA3E00AA1CDC /* ViewController.mm */ = {isa = PBXFileReference; lastKnownFileType = sourcecode.cpp.objcpp; path = ViewController.mm; sourceTree = "<group>"; };
		5A123E4C22BCCA3E00AA1CDC /* Base */ = {isa = PBXFileReference; lastKnownFileType = file.storyboard; name = Base; path = Base.lproj/Main.storyboard; sourceTree = "<group>"; };
		5A123E4F22BCCA3E00AA1CDC /* image_detection.xcdatamodel */ = {isa = PBXFileReference; lastKnownFileType = wrapper.xcdatamodel; path = image_detection.xcdatamodel; sourceTree = "<group>"; };
		5A123E5122BCCA3F00AA1CDC /* Assets.xcassets */ = {isa = PBXFileReference; lastKnownFileType = folder.assetcatalog; path = Assets.xcassets; sourceTree = "<group>"; };
		5A123E5422BCCA3F00AA1CDC /* Base */ = {isa = PBXFileReference; lastKnownFileType = file.storyboard; name = Base; path = Base.lproj/LaunchScreen.storyboard; sourceTree = "<group>"; };
		5A123E5622BCCA3F00AA1CDC /* Info.plist */ = {isa = PBXFileReference; lastKnownFileType = text.plist.xml; path = Info.plist; sourceTree = "<group>"; };
		5A123E5722BCCA3F00AA1CDC /* main.m */ = {isa = PBXFileReference; lastKnownFileType = sourcecode.c.objc; path = main.m; sourceTree = "<group>"; };
		5A123E5D22BCCA3F00AA1CDC /* image-detectionTests.xctest */ = {isa = PBXFileReference; explicitFileType = wrapper.cfbundle; includeInIndex = 0; path = "image-detectionTests.xctest"; sourceTree = BUILT_PRODUCTS_DIR; };
		5A123E6122BCCA3F00AA1CDC /* image_detectionTests.m */ = {isa = PBXFileReference; lastKnownFileType = sourcecode.c.objc; path = image_detectionTests.m; sourceTree = "<group>"; };
		5A123E6322BCCA3F00AA1CDC /* Info.plist */ = {isa = PBXFileReference; lastKnownFileType = text.plist.xml; path = Info.plist; sourceTree = "<group>"; };
		5A123E6822BCCA3F00AA1CDC /* image-detectionUITests.xctest */ = {isa = PBXFileReference; explicitFileType = wrapper.cfbundle; includeInIndex = 0; path = "image-detectionUITests.xctest"; sourceTree = BUILT_PRODUCTS_DIR; };
		5A123E6C22BCCA3F00AA1CDC /* image_detectionUITests.m */ = {isa = PBXFileReference; lastKnownFileType = sourcecode.c.objc; path = image_detectionUITests.m; sourceTree = "<group>"; };
		5A123E6E22BCCA3F00AA1CDC /* Info.plist */ = {isa = PBXFileReference; lastKnownFileType = text.plist.xml; path = Info.plist; sourceTree = "<group>"; };
		5A123E8322BE0C1800AA1CDC /* image-detection-Prefix.pch */ = {isa = PBXFileReference; lastKnownFileType = sourcecode.c.h; path = "image-detection-Prefix.pch"; sourceTree = "<group>"; };
		5A123E8422BE14AA00AA1CDC /* opencv2.framework */ = {isa = PBXFileReference; lastKnownFileType = wrapper.framework; path = opencv2.framework; sourceTree = "<group>"; };
/* End PBXFileReference section */

/* Begin PBXFrameworksBuildPhase section */
		5A123E3F22BCCA3E00AA1CDC /* Frameworks */ = {
			isa = PBXFrameworksBuildPhase;
			buildActionMask = 2147483647;
			files = (
				5A123E8822BE212B00AA1CDC /* opencv2.framework in Frameworks */,
			);
			runOnlyForDeploymentPostprocessing = 0;
		};
		5A123E5A22BCCA3F00AA1CDC /* Frameworks */ = {
			isa = PBXFrameworksBuildPhase;
			buildActionMask = 2147483647;
			files = (
			);
			runOnlyForDeploymentPostprocessing = 0;
		};
		5A123E6522BCCA3F00AA1CDC /* Frameworks */ = {
			isa = PBXFrameworksBuildPhase;
			buildActionMask = 2147483647;
			files = (
			);
			runOnlyForDeploymentPostprocessing = 0;
		};
/* End PBXFrameworksBuildPhase section */

/* Begin PBXGroup section */
		5A123E3922BCCA3E00AA1CDC = {
			isa = PBXGroup;
			children = (
				5A123E4422BCCA3E00AA1CDC /* image-detection */,
				5A123E6022BCCA3F00AA1CDC /* image-detectionTests */,
				5A123E6B22BCCA3F00AA1CDC /* image-detectionUITests */,
				5A123E4322BCCA3E00AA1CDC /* Products */,
				5A123E7A22BE0BA200AA1CDC /* Frameworks */,
			);
			sourceTree = "<group>";
		};
		5A123E4322BCCA3E00AA1CDC /* Products */ = {
			isa = PBXGroup;
			children = (
				5A123E4222BCCA3E00AA1CDC /* image-detection.app */,
				5A123E5D22BCCA3F00AA1CDC /* image-detectionTests.xctest */,
				5A123E6822BCCA3F00AA1CDC /* image-detectionUITests.xctest */,
			);
			name = Products;
			sourceTree = "<group>";
		};
		5A123E4422BCCA3E00AA1CDC /* image-detection */ = {
			isa = PBXGroup;
			children = (
				5A123E4522BCCA3E00AA1CDC /* AppDelegate.h */,
				5A123E4622BCCA3E00AA1CDC /* AppDelegate.m */,
				5A123E4822BCCA3E00AA1CDC /* ViewController.h */,
				5A123E4922BCCA3E00AA1CDC /* ViewController.mm */,
				5A123E8322BE0C1800AA1CDC /* image-detection-Prefix.pch */,
				5A123E5622BCCA3F00AA1CDC /* Info.plist */,
				5A123E8922BE217A00AA1CDC /* Supporting Files */,
			);
			path = "image-detection";
			sourceTree = "<group>";
		};
		5A123E6022BCCA3F00AA1CDC /* image-detectionTests */ = {
			isa = PBXGroup;
			children = (
				5A123E6122BCCA3F00AA1CDC /* image_detectionTests.m */,
				5A123E6322BCCA3F00AA1CDC /* Info.plist */,
			);
			path = "image-detectionTests";
			sourceTree = "<group>";
		};
		5A123E6B22BCCA3F00AA1CDC /* image-detectionUITests */ = {
			isa = PBXGroup;
			children = (
				5A123E6C22BCCA3F00AA1CDC /* image_detectionUITests.m */,
				5A123E6E22BCCA3F00AA1CDC /* Info.plist */,
			);
			path = "image-detectionUITests";
			sourceTree = "<group>";
		};
		5A123E7A22BE0BA200AA1CDC /* Frameworks */ = {
			isa = PBXGroup;
			children = (
				5A123E8422BE14AA00AA1CDC /* opencv2.framework */,
			);
			name = Frameworks;
			sourceTree = "<group>";
		};
		5A123E8922BE217A00AA1CDC /* Supporting Files */ = {
			isa = PBXGroup;
			children = (
				5A123E4B22BCCA3E00AA1CDC /* Main.storyboard */,
				5A123E5122BCCA3F00AA1CDC /* Assets.xcassets */,
				5A123E5322BCCA3F00AA1CDC /* LaunchScreen.storyboard */,
				5A123E5722BCCA3F00AA1CDC /* main.m */,
				5A123E4E22BCCA3E00AA1CDC /* image_detection.xcdatamodeld */,
			);
			path = "Supporting Files";
			sourceTree = "<group>";
		};
/* End PBXGroup section */

/* Begin PBXNativeTarget section */
		5A123E4122BCCA3E00AA1CDC /* image-detection */ = {
			isa = PBXNativeTarget;
			buildConfigurationList = 5A123E7122BCCA3F00AA1CDC /* Build configuration list for PBXNativeTarget "image-detection" */;
			buildPhases = (
				5A123E3E22BCCA3E00AA1CDC /* Sources */,
				5A123E3F22BCCA3E00AA1CDC /* Frameworks */,
				5A123E4022BCCA3E00AA1CDC /* Resources */,
			);
			buildRules = (
			);
			dependencies = (
			);
			name = "image-detection";
			productName = "image-detection";
			productReference = 5A123E4222BCCA3E00AA1CDC /* image-detection.app */;
			productType = "com.apple.product-type.application";
		};
		5A123E5C22BCCA3F00AA1CDC /* image-detectionTests */ = {
			isa = PBXNativeTarget;
			buildConfigurationList = 5A123E7422BCCA3F00AA1CDC /* Build configuration list for PBXNativeTarget "image-detectionTests" */;
			buildPhases = (
				5A123E5922BCCA3F00AA1CDC /* Sources */,
				5A123E5A22BCCA3F00AA1CDC /* Frameworks */,
				5A123E5B22BCCA3F00AA1CDC /* Resources */,
			);
			buildRules = (
			);
			dependencies = (
				5A123E5F22BCCA3F00AA1CDC /* PBXTargetDependency */,
			);
			name = "image-detectionTests";
			productName = "image-detectionTests";
			productReference = 5A123E5D22BCCA3F00AA1CDC /* image-detectionTests.xctest */;
			productType = "com.apple.product-type.bundle.unit-test";
		};
		5A123E6722BCCA3F00AA1CDC /* image-detectionUITests */ = {
			isa = PBXNativeTarget;
			buildConfigurationList = 5A123E7722BCCA3F00AA1CDC /* Build configuration list for PBXNativeTarget "image-detectionUITests" */;
			buildPhases = (
				5A123E6422BCCA3F00AA1CDC /* Sources */,
				5A123E6522BCCA3F00AA1CDC /* Frameworks */,
				5A123E6622BCCA3F00AA1CDC /* Resources */,
			);
			buildRules = (
			);
			dependencies = (
				5A123E6A22BCCA3F00AA1CDC /* PBXTargetDependency */,
			);
			name = "image-detectionUITests";
			productName = "image-detectionUITests";
			productReference = 5A123E6822BCCA3F00AA1CDC /* image-detectionUITests.xctest */;
			productType = "com.apple.product-type.bundle.ui-testing";
		};
/* End PBXNativeTarget section */

/* Begin PBXProject section */
		5A123E3A22BCCA3E00AA1CDC /* Project object */ = {
			isa = PBXProject;
			attributes = {
				LastUpgradeCheck = 1020;
				ORGANIZATIONNAME = YS;
				TargetAttributes = {
					5A123E4122BCCA3E00AA1CDC = {
						CreatedOnToolsVersion = 10.2.1;
					};
					5A123E5C22BCCA3F00AA1CDC = {
						CreatedOnToolsVersion = 10.2.1;
						TestTargetID = 5A123E4122BCCA3E00AA1CDC;
					};
					5A123E6722BCCA3F00AA1CDC = {
						CreatedOnToolsVersion = 10.2.1;
						TestTargetID = 5A123E4122BCCA3E00AA1CDC;
					};
				};
			};
			buildConfigurationList = 5A123E3D22BCCA3E00AA1CDC /* Build configuration list for PBXProject "image-detection" */;
			compatibilityVersion = "Xcode 9.3";
			developmentRegion = en;
			hasScannedForEncodings = 0;
			knownRegions = (
				en,
				Base,
			);
			mainGroup = 5A123E3922BCCA3E00AA1CDC;
			productRefGroup = 5A123E4322BCCA3E00AA1CDC /* Products */;
			projectDirPath = "";
			projectRoot = "";
			targets = (
				5A123E4122BCCA3E00AA1CDC /* image-detection */,
				5A123E5C22BCCA3F00AA1CDC /* image-detectionTests */,
				5A123E6722BCCA3F00AA1CDC /* image-detectionUITests */,
			);
		};
/* End PBXProject section */

/* Begin PBXResourcesBuildPhase section */
		5A123E4022BCCA3E00AA1CDC /* Resources */ = {
			isa = PBXResourcesBuildPhase;
			buildActionMask = 2147483647;
			files = (
				5A123E5522BCCA3F00AA1CDC /* LaunchScreen.storyboard in Resources */,
				5A123E5222BCCA3F00AA1CDC /* Assets.xcassets in Resources */,
				5A123E4D22BCCA3E00AA1CDC /* Main.storyboard in Resources */,
			);
			runOnlyForDeploymentPostprocessing = 0;
		};
		5A123E5B22BCCA3F00AA1CDC /* Resources */ = {
			isa = PBXResourcesBuildPhase;
			buildActionMask = 2147483647;
			files = (
			);
			runOnlyForDeploymentPostprocessing = 0;
		};
		5A123E6622BCCA3F00AA1CDC /* Resources */ = {
			isa = PBXResourcesBuildPhase;
			buildActionMask = 2147483647;
			files = (
			);
			runOnlyForDeploymentPostprocessing = 0;
		};
/* End PBXResourcesBuildPhase section */

/* Begin PBXSourcesBuildPhase section */
		5A123E3E22BCCA3E00AA1CDC /* Sources */ = {
			isa = PBXSourcesBuildPhase;
			buildActionMask = 2147483647;
			files = (
				5A123E4A22BCCA3E00AA1CDC /* ViewController.mm in Sources */,
				5A123E5022BCCA3E00AA1CDC /* image_detection.xcdatamodeld in Sources */,
				5A123E5822BCCA3F00AA1CDC /* main.m in Sources */,
				5A123E4722BCCA3E00AA1CDC /* AppDelegate.m in Sources */,
			);
			runOnlyForDeploymentPostprocessing = 0;
		};
		5A123E5922BCCA3F00AA1CDC /* Sources */ = {
			isa = PBXSourcesBuildPhase;
			buildActionMask = 2147483647;
			files = (
				5A123E6222BCCA3F00AA1CDC /* image_detectionTests.m in Sources */,
			);
			runOnlyForDeploymentPostprocessing = 0;
		};
		5A123E6422BCCA3F00AA1CDC /* Sources */ = {
			isa = PBXSourcesBuildPhase;
			buildActionMask = 2147483647;
			files = (
				5A123E6D22BCCA3F00AA1CDC /* image_detectionUITests.m in Sources */,
			);
			runOnlyForDeploymentPostprocessing = 0;
		};
/* End PBXSourcesBuildPhase section */

/* Begin PBXTargetDependency section */
		5A123E5F22BCCA3F00AA1CDC /* PBXTargetDependency */ = {
			isa = PBXTargetDependency;
			target = 5A123E4122BCCA3E00AA1CDC /* image-detection */;
			targetProxy = 5A123E5E22BCCA3F00AA1CDC /* PBXContainerItemProxy */;
		};
		5A123E6A22BCCA3F00AA1CDC /* PBXTargetDependency */ = {
			isa = PBXTargetDependency;
			target = 5A123E4122BCCA3E00AA1CDC /* image-detection */;
			targetProxy = 5A123E6922BCCA3F00AA1CDC /* PBXContainerItemProxy */;
		};
/* End PBXTargetDependency section */

/* Begin PBXVariantGroup section */
		5A123E4B22BCCA3E00AA1CDC /* Main.storyboard */ = {
			isa = PBXVariantGroup;
			children = (
				5A123E4C22BCCA3E00AA1CDC /* Base */,
			);
			name = Main.storyboard;
			sourceTree = "<group>";
		};
		5A123E5322BCCA3F00AA1CDC /* LaunchScreen.storyboard */ = {
			isa = PBXVariantGroup;
			children = (
				5A123E5422BCCA3F00AA1CDC /* Base */,
			);
			name = LaunchScreen.storyboard;
			sourceTree = "<group>";
		};
/* End PBXVariantGroup section */

/* Begin XCBuildConfiguration section */
		5A123E6F22BCCA3F00AA1CDC /* Debug */ = {
			isa = XCBuildConfiguration;
			buildSettings = {
				ALWAYS_SEARCH_USER_PATHS = NO;
				CLANG_ANALYZER_NONNULL = YES;
				CLANG_ANALYZER_NUMBER_OBJECT_CONVERSION = YES_AGGRESSIVE;
				CLANG_CXX_LANGUAGE_STANDARD = "gnu++14";
				CLANG_CXX_LIBRARY = "libc++";
				CLANG_ENABLE_MODULES = YES;
				CLANG_ENABLE_OBJC_ARC = YES;
				CLANG_ENABLE_OBJC_WEAK = YES;
				CLANG_WARN_BLOCK_CAPTURE_AUTORELEASING = YES;
				CLANG_WARN_BOOL_CONVERSION = YES;
				CLANG_WARN_COMMA = YES;
				CLANG_WARN_CONSTANT_CONVERSION = YES;
				CLANG_WARN_DEPRECATED_OBJC_IMPLEMENTATIONS = YES;
				CLANG_WARN_DIRECT_OBJC_ISA_USAGE = YES_ERROR;
				CLANG_WARN_DOCUMENTATION_COMMENTS = YES;
				CLANG_WARN_EMPTY_BODY = YES;
				CLANG_WARN_ENUM_CONVERSION = YES;
				CLANG_WARN_INFINITE_RECURSION = YES;
				CLANG_WARN_INT_CONVERSION = YES;
				CLANG_WARN_NON_LITERAL_NULL_CONVERSION = YES;
				CLANG_WARN_OBJC_IMPLICIT_RETAIN_SELF = YES;
				CLANG_WARN_OBJC_LITERAL_CONVERSION = YES;
				CLANG_WARN_OBJC_ROOT_CLASS = YES_ERROR;
				CLANG_WARN_RANGE_LOOP_ANALYSIS = YES;
				CLANG_WARN_STRICT_PROTOTYPES = YES;
				CLANG_WARN_SUSPICIOUS_MOVE = YES;
				CLANG_WARN_UNGUARDED_AVAILABILITY = YES_AGGRESSIVE;
				CLANG_WARN_UNREACHABLE_CODE = YES;
				CLANG_WARN__DUPLICATE_METHOD_MATCH = YES;
				CODE_SIGN_IDENTITY = "iPhone Developer";
				COPY_PHASE_STRIP = NO;
				DEBUG_INFORMATION_FORMAT = dwarf;
				ENABLE_STRICT_OBJC_MSGSEND = YES;
				ENABLE_TESTABILITY = YES;
				GCC_C_LANGUAGE_STANDARD = gnu11;
				GCC_DYNAMIC_NO_PIC = NO;
				GCC_NO_COMMON_BLOCKS = YES;
				GCC_OPTIMIZATION_LEVEL = 0;
				GCC_PREPROCESSOR_DEFINITIONS = (
					"DEBUG=1",
					"$(inherited)",
				);
				GCC_WARN_64_TO_32_BIT_CONVERSION = YES;
				GCC_WARN_ABOUT_RETURN_TYPE = YES_ERROR;
				GCC_WARN_UNDECLARED_SELECTOR = YES;
				GCC_WARN_UNINITIALIZED_AUTOS = YES_AGGRESSIVE;
				GCC_WARN_UNUSED_FUNCTION = YES;
				GCC_WARN_UNUSED_VARIABLE = YES;
				IPHONEOS_DEPLOYMENT_TARGET = 12.2;
				MTL_ENABLE_DEBUG_INFO = INCLUDE_SOURCE;
				MTL_FAST_MATH = YES;
				ONLY_ACTIVE_ARCH = YES;
				SDKROOT = iphoneos;
			};
			name = Debug;
		};
		5A123E7022BCCA3F00AA1CDC /* Release */ = {
			isa = XCBuildConfiguration;
			buildSettings = {
				ALWAYS_SEARCH_USER_PATHS = NO;
				CLANG_ANALYZER_NONNULL = YES;
				CLANG_ANALYZER_NUMBER_OBJECT_CONVERSION = YES_AGGRESSIVE;
				CLANG_CXX_LANGUAGE_STANDARD = "gnu++14";
				CLANG_CXX_LIBRARY = "libc++";
				CLANG_ENABLE_MODULES = YES;
				CLANG_ENABLE_OBJC_ARC = YES;
				CLANG_ENABLE_OBJC_WEAK = YES;
				CLANG_WARN_BLOCK_CAPTURE_AUTORELEASING = YES;
				CLANG_WARN_BOOL_CONVERSION = YES;
				CLANG_WARN_COMMA = YES;
				CLANG_WARN_CONSTANT_CONVERSION = YES;
				CLANG_WARN_DEPRECATED_OBJC_IMPLEMENTATIONS = YES;
				CLANG_WARN_DIRECT_OBJC_ISA_USAGE = YES_ERROR;
				CLANG_WARN_DOCUMENTATION_COMMENTS = YES;
				CLANG_WARN_EMPTY_BODY = YES;
				CLANG_WARN_ENUM_CONVERSION = YES;
				CLANG_WARN_INFINITE_RECURSION = YES;
				CLANG_WARN_INT_CONVERSION = YES;
				CLANG_WARN_NON_LITERAL_NULL_CONVERSION = YES;
				CLANG_WARN_OBJC_IMPLICIT_RETAIN_SELF = YES;
				CLANG_WARN_OBJC_LITERAL_CONVERSION = YES;
				CLANG_WARN_OBJC_ROOT_CLASS = YES_ERROR;
				CLANG_WARN_RANGE_LOOP_ANALYSIS = YES;
				CLANG_WARN_STRICT_PROTOTYPES = YES;
				CLANG_WARN_SUSPICIOUS_MOVE = YES;
				CLANG_WARN_UNGUARDED_AVAILABILITY = YES_AGGRESSIVE;
				CLANG_WARN_UNREACHABLE_CODE = YES;
				CLANG_WARN__DUPLICATE_METHOD_MATCH = YES;
				CODE_SIGN_IDENTITY = "iPhone Developer";
				COPY_PHASE_STRIP = NO;
				DEBUG_INFORMATION_FORMAT = "dwarf-with-dsym";
				ENABLE_NS_ASSERTIONS = NO;
				ENABLE_STRICT_OBJC_MSGSEND = YES;
				GCC_C_LANGUAGE_STANDARD = gnu11;
				GCC_NO_COMMON_BLOCKS = YES;
				GCC_WARN_64_TO_32_BIT_CONVERSION = YES;
				GCC_WARN_ABOUT_RETURN_TYPE = YES_ERROR;
				GCC_WARN_UNDECLARED_SELECTOR = YES;
				GCC_WARN_UNINITIALIZED_AUTOS = YES_AGGRESSIVE;
				GCC_WARN_UNUSED_FUNCTION = YES;
				GCC_WARN_UNUSED_VARIABLE = YES;
				IPHONEOS_DEPLOYMENT_TARGET = 12.2;
				MTL_ENABLE_DEBUG_INFO = NO;
				MTL_FAST_MATH = YES;
				SDKROOT = iphoneos;
				VALIDATE_PRODUCT = YES;
			};
			name = Release;
		};
		5A123E7222BCCA3F00AA1CDC /* Debug */ = {
			isa = XCBuildConfiguration;
			buildSettings = {
				ASSETCATALOG_COMPILER_APPICON_NAME = AppIcon;
				CODE_SIGN_STYLE = Automatic;
				DEVELOPMENT_TEAM = N49T88F69F;
				FRAMEWORK_SEARCH_PATHS = (
					"$(inherited)",
					"$(PROJECT_DIR)",
				);
				GCC_PREFIX_HEADER = "$(SRCROOT)/image-detection/image-detection-Prefix.pch";
				INFOPLIST_FILE = "image-detection/Info.plist";
				LD_RUNPATH_SEARCH_PATHS = (
					"$(inherited)",
					"@executable_path/Frameworks",
				);
				PRODUCT_BUNDLE_IDENTIFIER = "com.image-detection";
				PRODUCT_NAME = "$(TARGET_NAME)";
				TARGETED_DEVICE_FAMILY = "1,2";
			};
			name = Debug;
		};
		5A123E7322BCCA3F00AA1CDC /* Release */ = {
			isa = XCBuildConfiguration;
			buildSettings = {
				ASSETCATALOG_COMPILER_APPICON_NAME = AppIcon;
				CODE_SIGN_STYLE = Automatic;
				DEVELOPMENT_TEAM = N49T88F69F;
				FRAMEWORK_SEARCH_PATHS = (
					"$(inherited)",
					"$(PROJECT_DIR)",
				);
				GCC_PREFIX_HEADER = "$(SRCROOT)/image-detection/image-detection-Prefix.pch";
				INFOPLIST_FILE = "image-detection/Info.plist";
				LD_RUNPATH_SEARCH_PATHS = (
					"$(inherited)",
					"@executable_path/Frameworks",
				);
				PRODUCT_BUNDLE_IDENTIFIER = "com.image-detection";
				PRODUCT_NAME = "$(TARGET_NAME)";
				TARGETED_DEVICE_FAMILY = "1,2";
			};
			name = Release;
		};
		5A123E7522BCCA3F00AA1CDC /* Debug */ = {
			isa = XCBuildConfiguration;
			buildSettings = {
				BUNDLE_LOADER = "$(TEST_HOST)";
				CODE_SIGN_STYLE = Automatic;
				DEVELOPMENT_TEAM = N49T88F69F;
				INFOPLIST_FILE = "image-detectionTests/Info.plist";
				LD_RUNPATH_SEARCH_PATHS = (
					"$(inherited)",
					"@executable_path/Frameworks",
					"@loader_path/Frameworks",
				);
				PRODUCT_BUNDLE_IDENTIFIER = "com.image-detectionTests";
				PRODUCT_NAME = "$(TARGET_NAME)";
				TARGETED_DEVICE_FAMILY = "1,2";
				TEST_HOST = "$(BUILT_PRODUCTS_DIR)/image-detection.app/image-detection";
			};
			name = Debug;
		};
		5A123E7622BCCA3F00AA1CDC /* Release */ = {
			isa = XCBuildConfiguration;
			buildSettings = {
				BUNDLE_LOADER = "$(TEST_HOST)";
				CODE_SIGN_STYLE = Automatic;
				DEVELOPMENT_TEAM = N49T88F69F;
				INFOPLIST_FILE = "image-detectionTests/Info.plist";
				LD_RUNPATH_SEARCH_PATHS = (
					"$(inherited)",
					"@executable_path/Frameworks",
					"@loader_path/Frameworks",
				);
				PRODUCT_BUNDLE_IDENTIFIER = "com.image-detectionTests";
				PRODUCT_NAME = "$(TARGET_NAME)";
				TARGETED_DEVICE_FAMILY = "1,2";
				TEST_HOST = "$(BUILT_PRODUCTS_DIR)/image-detection.app/image-detection";
			};
			name = Release;
		};
		5A123E7822BCCA3F00AA1CDC /* Debug */ = {
			isa = XCBuildConfiguration;
			buildSettings = {
				CODE_SIGN_STYLE = Automatic;
				DEVELOPMENT_TEAM = N49T88F69F;
				INFOPLIST_FILE = "image-detectionUITests/Info.plist";
				LD_RUNPATH_SEARCH_PATHS = (
					"$(inherited)",
					"@executable_path/Frameworks",
					"@loader_path/Frameworks",
				);
				PRODUCT_BUNDLE_IDENTIFIER = "com.image-detectionUITests";
				PRODUCT_NAME = "$(TARGET_NAME)";
				TARGETED_DEVICE_FAMILY = "1,2";
				TEST_TARGET_NAME = "image-detection";
			};
			name = Debug;
		};
		5A123E7922BCCA3F00AA1CDC /* Release */ = {
			isa = XCBuildConfiguration;
			buildSettings = {
				CODE_SIGN_STYLE = Automatic;
				DEVELOPMENT_TEAM = N49T88F69F;
				INFOPLIST_FILE = "image-detectionUITests/Info.plist";
				LD_RUNPATH_SEARCH_PATHS = (
					"$(inherited)",
					"@executable_path/Frameworks",
					"@loader_path/Frameworks",
				);
				PRODUCT_BUNDLE_IDENTIFIER = "com.image-detectionUITests";
				PRODUCT_NAME = "$(TARGET_NAME)";
				TARGETED_DEVICE_FAMILY = "1,2";
				TEST_TARGET_NAME = "image-detection";
			};
			name = Release;
		};
/* End XCBuildConfiguration section */

/* Begin XCConfigurationList section */
		5A123E3D22BCCA3E00AA1CDC /* Build configuration list for PBXProject "image-detection" */ = {
			isa = XCConfigurationList;
			buildConfigurations = (
				5A123E6F22BCCA3F00AA1CDC /* Debug */,
				5A123E7022BCCA3F00AA1CDC /* Release */,
			);
			defaultConfigurationIsVisible = 0;
			defaultConfigurationName = Release;
		};
		5A123E7122BCCA3F00AA1CDC /* Build configuration list for PBXNativeTarget "image-detection" */ = {
			isa = XCConfigurationList;
			buildConfigurations = (
				5A123E7222BCCA3F00AA1CDC /* Debug */,
				5A123E7322BCCA3F00AA1CDC /* Release */,
			);
			defaultConfigurationIsVisible = 0;
			defaultConfigurationName = Release;
		};
		5A123E7422BCCA3F00AA1CDC /* Build configuration list for PBXNativeTarget "image-detectionTests" */ = {
			isa = XCConfigurationList;
			buildConfigurations = (
				5A123E7522BCCA3F00AA1CDC /* Debug */,
				5A123E7622BCCA3F00AA1CDC /* Release */,
			);
			defaultConfigurationIsVisible = 0;
			defaultConfigurationName = Release;
		};
		5A123E7722BCCA3F00AA1CDC /* Build configuration list for PBXNativeTarget "image-detectionUITests" */ = {
			isa = XCConfigurationList;
			buildConfigurations = (
				5A123E7822BCCA3F00AA1CDC /* Debug */,
				5A123E7922BCCA3F00AA1CDC /* Release */,
			);
			defaultConfigurationIsVisible = 0;
			defaultConfigurationName = Release;
		};
/* End XCConfigurationList section */

/* Begin XCVersionGroup section */
		5A123E4E22BCCA3E00AA1CDC /* image_detection.xcdatamodeld */ = {
			isa = XCVersionGroup;
			children = (
				5A123E4F22BCCA3E00AA1CDC /* image_detection.xcdatamodel */,
			);
			currentVersion = 5A123E4F22BCCA3E00AA1CDC /* image_detection.xcdatamodel */;
			path = image_detection.xcdatamodeld;
			sourceTree = "<group>";
			versionGroupType = wrapper.xcdatamodel;
		};
/* End XCVersionGroup section */
	};
	rootObject = 5A123E3A22BCCA3E00AA1CDC /* Project object */;
}
